{
    "_readme": [
        "This file locks the dependencies of your project to a known state",
        "Read more about it at https://getcomposer.org/doc/01-basic-usage.md#composer-lock-the-lock-file",
        "This file is @generated automatically"
    ],
    "content-hash": "6b108bb03b9fdac7a4785755ea5c25c5",
    "packages": [
        {
            "name": "recaptcha-lib/recaptcha",
            "version": "v0.1.3",
            "source": {
                "type": "git",
                "url": "https://github.com/adrianorsouza/reCAPTCHA-lib.git",
                "reference": "92263a2e75e07408990b3ef7eacf710f384e191e"
            },
            "dist": {
                "type": "zip",
                "url": "https://api.github.com/repos/adrianorsouza/reCAPTCHA-lib/zipball/92263a2e75e07408990b3ef7eacf710f384e191e",
                "reference": "92263a2e75e07408990b3ef7eacf710f384e191e",
                "shasum": ""
            },
            "require": {
                "php": ">=5.3.0"
            },
            "require-dev": {
                "phpdocumentor/phpdocumentor": "2.*",
                "phpunit/phpunit": "3.7.*"
            },
            "type": "library",
            "autoload": {
                "psr-0": {
                    "ReCaptcha": "lib"
                }
            },
            "notification-url": "https://packagist.org/downloads/",
            "license": [
                "MIT"
            ],
            "authors": [
                {
                    "name": "Adriano Rosa",
                    "email": "dev@adrianorosa.com",
                    "homepage": "http://adrianorosa.com"
                }
            ],
            "description": "PHP Library for reCAPTCHA Google's API",
            "homepage": "https://github.com/adrianorsouza/reCAPTCHA-lib",
            "keywords": [
                "captcha",
                "recapcha-lib",
                "recaptcha"
            ],
            "time": "2016-02-21T01:39:18+00:00"
        }
    ],
    "packages-dev": [],
    "aliases": [],
    "minimum-stability": "stable",
    "stability-flags": [],
    "prefer-stable": false,
    "prefer-lowest": false,
    "platform": [],
    "platform-dev": []
}
